
Microsoft Visual Studio Solution File, Format Version 12.00
# Visual Studio Version 17
VisualStudioVersion = 17.9.34616.47
MinimumVisualStudioVersion = 10.0.40219.1
Project("{9A19103F-16F7-4668-BE54-9A1E7A4F7556}") = "Word Game", "Word Game\Word Game.csproj", "{8051AB70-A4BE-4B07-8092-2BED1D7F912B}"
EndProject
Global
	GlobalSection(SolutionConfigurationPlatforms) = preSolution
		Debug|Any CPU = Debug|Any CPU
		Release|Any CPU = Release|Any CPU
	EndGlobalSection
	GlobalSection(ProjectConfigurationPlatforms) = postSolution
		{8051AB70-A4BE-4B07-8092-2BED1D7F912B}.Debug|Any CPU.ActiveCfg = Debug|Any CPU
		{8051AB70-A4BE-4B07-8092-2BED1D7F912B}.Debug|Any CPU.Build.0 = Debug|Any CPU
		{8051AB70-A4BE-4B07-8092-2BED1D7F912B}.Release|Any CPU.ActiveCfg = Release|Any CPU
		{8051AB70-A4BE-4B07-8092-2BED1D7F912B}.Release|Any CPU.Build.0 = Release|Any CPU
	EndGlobalSection
	GlobalSection(SolutionProperties) = preSolution
		HideSolutionNode = FALSE
	EndGlobalSection
	GlobalSection(ExtensibilityGlobals) = postSolution
		SolutionGuid = {E8F35028-EC29-4C9D-881F-DC572B81DD72}
	EndGlobalSection
EndGlobal
